
Microsoft Visual Studio Solution File, Format Version 12.00
# Visual Studio Version 17
VisualStudioVersion = 17.2.32630.192
MinimumVisualStudioVersion = 10.0.40219.1
Project("{FAE04EC0-301F-11D3-BF4B-00C04F79EFBC}") = "ConsoleSeaBattle", "ConsoleSeaBattle\ConsoleSeaBattle.csproj", "{19E4697C-49E5-49CE-B7AB-D7C990E11DC8}"
EndProject
Project("{FAE04EC0-301F-11D3-BF4B-00C04F79EFBC}") = "SeaBattle.Domain", "SeaBattle\SeaBattle.Domain.csproj", "{E76E5798-72CC-4C66-9DCA-AA6019CC1A28}"
EndProject
Project("{9A19103F-16F7-4668-BE54-9A1E7A4F7556}") = "SeaBattle.Api", "SeaBattleApi\SeaBattle.Api.csproj", "{B99FD7E5-A681-4802-92C4-9B476412FD34}"
EndProject
Project("{9A19103F-16F7-4668-BE54-9A1E7A4F7556}") = "SeaBattle.Application", "SeaBattle.Application\SeaBattle.Application.csproj", "{2C5823CF-A6D6-4AB8-A7E5-DA1B332DEDD4}"
	ProjectSection(ProjectDependencies) = postProject
		{57CFC66F-7CD9-4B88-AD19-3E8AB94B1B2B} = {57CFC66F-7CD9-4B88-AD19-3E8AB94B1B2B}
		{E76E5798-72CC-4C66-9DCA-AA6019CC1A28} = {E76E5798-72CC-4C66-9DCA-AA6019CC1A28}
		{EB2DFCBB-6333-430C-A829-F6E372537158} = {EB2DFCBB-6333-430C-A829-F6E372537158}
	EndProjectSection
EndProject
Project("{9A19103F-16F7-4668-BE54-9A1E7A4F7556}") = "SeaBattle.ApiClient", "SeaBattle.ApiClient\SeaBattle.ApiClient.csproj", "{EB2DFCBB-6333-430C-A829-F6E372537158}"
EndProject
Project("{9A19103F-16F7-4668-BE54-9A1E7A4F7556}") = "SeaBattle.Infrastructure", "SeaBattle.infrastructure\SeaBattle.Infrastructure.csproj", "{57CFC66F-7CD9-4B88-AD19-3E8AB94B1B2B}"
EndProject
Global
	GlobalSection(SolutionConfigurationPlatforms) = preSolution
		Debug|Any CPU = Debug|Any CPU
		Release|Any CPU = Release|Any CPU
	EndGlobalSection
	GlobalSection(ProjectConfigurationPlatforms) = postSolution
		{19E4697C-49E5-49CE-B7AB-D7C990E11DC8}.Debug|Any CPU.ActiveCfg = Debug|Any CPU
		{19E4697C-49E5-49CE-B7AB-D7C990E11DC8}.Debug|Any CPU.Build.0 = Debug|Any CPU
		{19E4697C-49E5-49CE-B7AB-D7C990E11DC8}.Release|Any CPU.ActiveCfg = Release|Any CPU
		{19E4697C-49E5-49CE-B7AB-D7C990E11DC8}.Release|Any CPU.Build.0 = Release|Any CPU
		{E76E5798-72CC-4C66-9DCA-AA6019CC1A28}.Debug|Any CPU.ActiveCfg = Debug|Any CPU
		{E76E5798-72CC-4C66-9DCA-AA6019CC1A28}.Debug|Any CPU.Build.0 = Debug|Any CPU
		{E76E5798-72CC-4C66-9DCA-AA6019CC1A28}.Release|Any CPU.ActiveCfg = Release|Any CPU
		{E76E5798-72CC-4C66-9DCA-AA6019CC1A28}.Release|Any CPU.Build.0 = Release|Any CPU
		{B99FD7E5-A681-4802-92C4-9B476412FD34}.Debug|Any CPU.ActiveCfg = Debug|Any CPU
		{B99FD7E5-A681-4802-92C4-9B476412FD34}.Debug|Any CPU.Build.0 = Debug|Any CPU
		{B99FD7E5-A681-4802-92C4-9B476412FD34}.Release|Any CPU.ActiveCfg = Release|Any CPU
		{B99FD7E5-A681-4802-92C4-9B476412FD34}.Release|Any CPU.Build.0 = Release|Any CPU
		{2C5823CF-A6D6-4AB8-A7E5-DA1B332DEDD4}.Debug|Any CPU.ActiveCfg = Debug|Any CPU
		{2C5823CF-A6D6-4AB8-A7E5-DA1B332DEDD4}.Debug|Any CPU.Build.0 = Debug|Any CPU
		{2C5823CF-A6D6-4AB8-A7E5-DA1B332DEDD4}.Release|Any CPU.ActiveCfg = Release|Any CPU
		{2C5823CF-A6D6-4AB8-A7E5-DA1B332DEDD4}.Release|Any CPU.Build.0 = Release|Any CPU
		{EB2DFCBB-6333-430C-A829-F6E372537158}.Debug|Any CPU.ActiveCfg = Debug|Any CPU
		{EB2DFCBB-6333-430C-A829-F6E372537158}.Debug|Any CPU.Build.0 = Debug|Any CPU
		{EB2DFCBB-6333-430C-A829-F6E372537158}.Release|Any CPU.ActiveCfg = Release|Any CPU
		{EB2DFCBB-6333-430C-A829-F6E372537158}.Release|Any CPU.Build.0 = Release|Any CPU
		{57CFC66F-7CD9-4B88-AD19-3E8AB94B1B2B}.Debug|Any CPU.ActiveCfg = Debug|Any CPU
		{57CFC66F-7CD9-4B88-AD19-3E8AB94B1B2B}.Debug|Any CPU.Build.0 = Debug|Any CPU
		{57CFC66F-7CD9-4B88-AD19-3E8AB94B1B2B}.Release|Any CPU.ActiveCfg = Release|Any CPU
		{57CFC66F-7CD9-4B88-AD19-3E8AB94B1B2B}.Release|Any CPU.Build.0 = Release|Any CPU
	EndGlobalSection
	GlobalSection(SolutionProperties) = preSolution
		HideSolutionNode = FALSE
	EndGlobalSection
	GlobalSection(ExtensibilityGlobals) = postSolution
		SolutionGuid = {87B49B54-F4F9-4C01-97B6-2EB6E9931457}
	EndGlobalSection
EndGlobal
