
Microsoft Visual Studio Solution File, Format Version 12.00
# Visual Studio Version 17
VisualStudioVersion = 17.3.32922.545
MinimumVisualStudioVersion = 10.0.40219.1
Project("{9A19103F-16F7-4668-BE54-9A1E7A4F7556}") = "WebApiSeaBattleClient", "WebApiSeaBattleClient\WebApiSeaBattleClient.csproj", "{3EF6895A-CA37-4627-8C73-E7C13C1BD9FB}"
EndProject
Project("{9A19103F-16F7-4668-BE54-9A1E7A4F7556}") = "SeaBattle.Api", "..\SeaBattleApi\SeaBattle.Api.csproj", "{606DF48F-81E4-4308-9B5F-1019A7BBDF69}"
EndProject
Project("{FAE04EC0-301F-11D3-BF4B-00C04F79EFBC}") = "SeaBattle.Domain", "..\SeaBattle\SeaBattle.Domain.csproj", "{E76E5798-72CC-4C66-9DCA-AA6019CC1A28}"
EndProject
Project("{9A19103F-16F7-4668-BE54-9A1E7A4F7556}") = "SeaBattle.Application", "..\SeaBattle.Application\SeaBattle.Application.csproj", "{44539042-7995-444A-88A8-E781124D475E}"
EndProject
Project("{9A19103F-16F7-4668-BE54-9A1E7A4F7556}") = "SeaBattle.ApiClient", "..\SeaBattle.ApiClient\SeaBattle.ApiClient.csproj", "{879F682D-03E0-4942-81FB-7F73259F24C7}"
EndProject
Global
	GlobalSection(SolutionConfigurationPlatforms) = preSolution
		Debug|Any CPU = Debug|Any CPU
		Release|Any CPU = Release|Any CPU
	EndGlobalSection
	GlobalSection(ProjectConfigurationPlatforms) = postSolution
		{3EF6895A-CA37-4627-8C73-E7C13C1BD9FB}.Debug|Any CPU.ActiveCfg = Debug|Any CPU
		{3EF6895A-CA37-4627-8C73-E7C13C1BD9FB}.Debug|Any CPU.Build.0 = Debug|Any CPU
		{3EF6895A-CA37-4627-8C73-E7C13C1BD9FB}.Release|Any CPU.ActiveCfg = Release|Any CPU
		{3EF6895A-CA37-4627-8C73-E7C13C1BD9FB}.Release|Any CPU.Build.0 = Release|Any CPU
		{606DF48F-81E4-4308-9B5F-1019A7BBDF69}.Debug|Any CPU.ActiveCfg = Debug|Any CPU
		{606DF48F-81E4-4308-9B5F-1019A7BBDF69}.Debug|Any CPU.Build.0 = Debug|Any CPU
		{606DF48F-81E4-4308-9B5F-1019A7BBDF69}.Release|Any CPU.ActiveCfg = Release|Any CPU
		{606DF48F-81E4-4308-9B5F-1019A7BBDF69}.Release|Any CPU.Build.0 = Release|Any CPU
		{E76E5798-72CC-4C66-9DCA-AA6019CC1A28}.Debug|Any CPU.ActiveCfg = Debug|Any CPU
		{E76E5798-72CC-4C66-9DCA-AA6019CC1A28}.Debug|Any CPU.Build.0 = Debug|Any CPU
		{E76E5798-72CC-4C66-9DCA-AA6019CC1A28}.Release|Any CPU.ActiveCfg = Release|Any CPU
		{E76E5798-72CC-4C66-9DCA-AA6019CC1A28}.Release|Any CPU.Build.0 = Release|Any CPU
		{44539042-7995-444A-88A8-E781124D475E}.Debug|Any CPU.ActiveCfg = Debug|Any CPU
		{44539042-7995-444A-88A8-E781124D475E}.Debug|Any CPU.Build.0 = Debug|Any CPU
		{44539042-7995-444A-88A8-E781124D475E}.Release|Any CPU.ActiveCfg = Release|Any CPU
		{44539042-7995-444A-88A8-E781124D475E}.Release|Any CPU.Build.0 = Release|Any CPU
		{879F682D-03E0-4942-81FB-7F73259F24C7}.Debug|Any CPU.ActiveCfg = Debug|Any CPU
		{879F682D-03E0-4942-81FB-7F73259F24C7}.Debug|Any CPU.Build.0 = Debug|Any CPU
		{879F682D-03E0-4942-81FB-7F73259F24C7}.Release|Any CPU.ActiveCfg = Release|Any CPU
		{879F682D-03E0-4942-81FB-7F73259F24C7}.Release|Any CPU.Build.0 = Release|Any CPU
	EndGlobalSection
	GlobalSection(SolutionProperties) = preSolution
		HideSolutionNode = FALSE
	EndGlobalSection
	GlobalSection(ExtensibilityGlobals) = postSolution
		SolutionGuid = {CDD2D43C-139F-4487-889A-B7FA7BEF4376}
	EndGlobalSection
EndGlobal
